// !$*UTF8*$!
{
	archiveVersion = 1;
	classes = {
	};
	objectVersion = 46;
	objects = {

/* Begin PBXBuildFile section */
		298431D28BB34DADBA901474 /* libPods.a in Frameworks */ = {isa = PBXBuildFile; fileRef = 3459715E65554AD7BBE218F0 /* libPods.a */; };
		651318BA18FE1A3F00995995 /* TGLOPersonFromTagViewController.m in Sources */ = {isa = PBXBuildFile; fileRef = 651318B918FE1A3F00995995 /* TGLOPersonFromTagViewController.m */; };
		651318BD18FE48F100995995 /* TGLOEditPersonFromSearchViewController.m in Sources */ = {isa = PBXBuildFile; fileRef = 651318BC18FE48F100995995 /* TGLOEditPersonFromSearchViewController.m */; };
		651318C418FE708D00995995 /* TGLOCustomEditTagView.m in Sources */ = {isa = PBXBuildFile; fileRef = 651318C318FE708D00995995 /* TGLOCustomEditTagView.m */; };
		651318C718FF71B000995995 /* TGLOCustomEditContactView.m in Sources */ = {isa = PBXBuildFile; fileRef = 651318C618FF71B000995995 /* TGLOCustomEditContactView.m */; };
		651318CA18FFA40C00995995 /* TGLOCustomEditContactHeaderView.m in Sources */ = {isa = PBXBuildFile; fileRef = 651318C918FFA40C00995995 /* TGLOCustomEditContactHeaderView.m */; };
		651318D7190508E600995995 /* TGLOEditPersonFromTagViewController.m in Sources */ = {isa = PBXBuildFile; fileRef = 651318D6190508E600995995 /* TGLOEditPersonFromTagViewController.m */; };
		651318DA19050B9F00995995 /* TGLOEditPersonFromListViewController.m in Sources */ = {isa = PBXBuildFile; fileRef = 651318D919050B9F00995995 /* TGLOEditPersonFromListViewController.m */; };
		651318DD1905136000995995 /* TGLOEditMyProfileViewController.m in Sources */ = {isa = PBXBuildFile; fileRef = 651318DC1905136000995995 /* TGLOEditMyProfileViewController.m */; };
		651626D418F4FEDF00DCC064 /* TGLODonationsViewController.m in Sources */ = {isa = PBXBuildFile; fileRef = 651626D318F4FEDF00DCC064 /* TGLODonationsViewController.m */; };
		651626D718F525F700DCC064 /* TGLOTheGreensViewController.m in Sources */ = {isa = PBXBuildFile; fileRef = 651626D618F525F700DCC064 /* TGLOTheGreensViewController.m */; };
		651626DA18F52A0400DCC064 /* TGLOEnrolToVoteViewController.m in Sources */ = {isa = PBXBuildFile; fileRef = 651626D918F52A0400DCC064 /* TGLOEnrolToVoteViewController.m */; };
		651626DD18F5312300DCC064 /* TGLOMyTagsViewController.m in Sources */ = {isa = PBXBuildFile; fileRef = 651626DC18F5312300DCC064 /* TGLOMyTagsViewController.m */; };
		651626E018F54D8100DCC064 /* TGLOTagViewController.m in Sources */ = {isa = PBXBuildFile; fileRef = 651626DF18F54D8100DCC064 /* TGLOTagViewController.m */; };
		651626E618F55ABF00DCC064 /* TGLOSearchViewController.m in Sources */ = {isa = PBXBuildFile; fileRef = 651626E518F55ABF00DCC064 /* TGLOSearchViewController.m */; };
		651626ED18F6253900DCC064 /* TGLOPerson.m in Sources */ = {isa = PBXBuildFile; fileRef = 651626EC18F6253900DCC064 /* TGLOPerson.m */; };
		651626F718F6DB4F00DCC064 /* TGLOSearchResultsViewController.m in Sources */ = {isa = PBXBuildFile; fileRef = 651626F618F6DB4F00DCC064 /* TGLOSearchResultsViewController.m */; };
		651626F918F7A13100DCC064 /* theGreens.png in Resources */ = {isa = PBXBuildFile; fileRef = 651626F818F7A13100DCC064 /* theGreens.png */; };
		651626FC18F90D5300DCC064 /* TGLOPersonFromSearchViewController.m in Sources */ = {isa = PBXBuildFile; fileRef = 651626FB18F90D5300DCC064 /* TGLOPersonFromSearchViewController.m */; };
		651853FE190FEF1A00D865C4 /* Accelerate.framework in Frameworks */ = {isa = PBXBuildFile; fileRef = 651853FD190FEF1A00D865C4 /* Accelerate.framework */; };
		65185408190FFD6900D865C4 /* rain_forest-flowering.png in Resources */ = {isa = PBXBuildFile; fileRef = 65185407190FFD6900D865C4 /* rain_forest-flowering.png */; };
		654CF49E190CAA08005ABF5A /* TGLOLogoutViewController.m in Sources */ = {isa = PBXBuildFile; fileRef = 654CF49D190CAA08005ABF5A /* TGLOLogoutViewController.m */; };
		655572A218FAAF3B00FA4297 /* TGLOMyListsViewController.m in Sources */ = {isa = PBXBuildFile; fileRef = 655572A118FAAF3B00FA4297 /* TGLOMyListsViewController.m */; };
		655572A518FAB34C00FA4297 /* TGLOListViewController.m in Sources */ = {isa = PBXBuildFile; fileRef = 655572A418FAB34C00FA4297 /* TGLOListViewController.m */; };
		655572B418FBD5AD00FA4297 /* TGLOCustomContactView.m in Sources */ = {isa = PBXBuildFile; fileRef = 655572B318FBD5AD00FA4297 /* TGLOCustomContactView.m */; };
		656174761906380600EE712F /* TGLOUtils.m in Sources */ = {isa = PBXBuildFile; fileRef = 656174751906380600EE712F /* TGLOUtils.m */; };
		6561747919090B1900EE712F /* TGLOAccountLoginViewController.m in Sources */ = {isa = PBXBuildFile; fileRef = 6561747819090B1900EE712F /* TGLOAccountLoginViewController.m */; };
		65A812961910F34700C46959 /* theGreens58x58.png in Resources */ = {isa = PBXBuildFile; fileRef = 65A812931910F34700C46959 /* theGreens58x58.png */; };
		65A812971910F34700C46959 /* theGreens80x80.png in Resources */ = {isa = PBXBuildFile; fileRef = 65A812941910F34700C46959 /* theGreens80x80.png */; };
		65A812981910F34700C46959 /* theGreens120x120.png in Resources */ = {isa = PBXBuildFile; fileRef = 65A812951910F34700C46959 /* theGreens120x120.png */; };
		65A812A019111C3200C46959 /* forest-fog.jpg in Resources */ = {isa = PBXBuildFile; fileRef = 65A8129F19111C3200C46959 /* forest-fog.jpg */; };
		65A812A219111D5C00C46959 /* forest-fog-1.jpg in Resources */ = {isa = PBXBuildFile; fileRef = 65A812A119111D5C00C46959 /* forest-fog-1.jpg */; };
		65A812A419111E2000C46959 /* forest-fog-2.jpg in Resources */ = {isa = PBXBuildFile; fileRef = 65A812A319111E2000C46959 /* forest-fog-2.jpg */; };
		65A812A81911299100C46959 /* people-walking.jpg in Resources */ = {isa = PBXBuildFile; fileRef = 65A812A71911299100C46959 /* people-walking.jpg */; };
		65A812AA19112A9B00C46959 /* walking.jpg in Resources */ = {isa = PBXBuildFile; fileRef = 65A812A919112A9B00C46959 /* walking.jpg */; };
		65B022F018FD27A50057E741 /* TGLOPersonFromListViewController.m in Sources */ = {isa = PBXBuildFile; fileRef = 65B022EF18FD27A50057E741 /* TGLOPersonFromListViewController.m */; };
		65B25AD21913874A000A8349 /* userIcon60x60.png in Resources */ = {isa = PBXBuildFile; fileRef = 65B25AD11913874A000A8349 /* userIcon60x60.png */; };
		65B25AD4191387AC000A8349 /* searchIcon60x60.png in Resources */ = {isa = PBXBuildFile; fileRef = 65B25AD3191387AC000A8349 /* searchIcon60x60.png */; };
		65B25AD619138928000A8349 /* enrolToVoteIcon60x60.png in Resources */ = {isa = PBXBuildFile; fileRef = 65B25AD519138928000A8349 /* enrolToVoteIcon60x60.png */; };
		65B25AD819138989000A8349 /* tagsIcon60x60.png in Resources */ = {isa = PBXBuildFile; fileRef = 65B25AD719138989000A8349 /* tagsIcon60x60.png */; };
		65B25ADA19138A69000A8349 /* logoutIcon60x60.png in Resources */ = {isa = PBXBuildFile; fileRef = 65B25AD919138A69000A8349 /* logoutIcon60x60.png */; };
		65B25ADC19138B16000A8349 /* listsIcon60x60.png in Resources */ = {isa = PBXBuildFile; fileRef = 65B25ADB19138B16000A8349 /* listsIcon60x60.png */; };
		65B25ADE19138B83000A8349 /* donatIcon60x60.png in Resources */ = {isa = PBXBuildFile; fileRef = 65B25ADD19138B83000A8349 /* donatIcon60x60.png */; };
		65B25AE01914F61C000A8349 /* grey120x120.png in Resources */ = {isa = PBXBuildFile; fileRef = 65B25ADF1914F61C000A8349 /* grey120x120.png */; };
		65BC96DF18F3BBE3006063CA /* Foundation.framework in Frameworks */ = {isa = PBXBuildFile; fileRef = 65BC96DE18F3BBE3006063CA /* Foundation.framework */; };
		65BC96E118F3BBE3006063CA /* CoreGraphics.framework in Frameworks */ = {isa = PBXBuildFile; fileRef = 65BC96E018F3BBE3006063CA /* CoreGraphics.framework */; };
		65BC96E318F3BBE3006063CA /* UIKit.framework in Frameworks */ = {isa = PBXBuildFile; fileRef = 65BC96E218F3BBE3006063CA /* UIKit.framework */; };
		65BC96E518F3BBE3006063CA /* CoreData.framework in Frameworks */ = {isa = PBXBuildFile; fileRef = 65BC96E418F3BBE3006063CA /* CoreData.framework */; };
		65BC96EB18F3BBE3006063CA /* InfoPlist.strings in Resources */ = {isa = PBXBuildFile; fileRef = 65BC96E918F3BBE3006063CA /* InfoPlist.strings */; };
		65BC96ED18F3BBE3006063CA /* main.m in Sources */ = {isa = PBXBuildFile; fileRef = 65BC96EC18F3BBE3006063CA /* main.m */; };
		65BC96F118F3BBE3006063CA /* TGLOAppDelegate.m in Sources */ = {isa = PBXBuildFile; fileRef = 65BC96F018F3BBE3006063CA /* TGLOAppDelegate.m */; };
		65BC96F418F3BBE3006063CA /* TheGreensLeadOrganizerApp.xcdatamodeld in Sources */ = {isa = PBXBuildFile; fileRef = 65BC96F218F3BBE3006063CA /* TheGreensLeadOrganizerApp.xcdatamodeld */; };
		65BC96F618F3BBE3006063CA /* Images.xcassets in Resources */ = {isa = PBXBuildFile; fileRef = 65BC96F518F3BBE3006063CA /* Images.xcassets */; };
		65BC96FD18F3BBE3006063CA /* XCTest.framework in Frameworks */ = {isa = PBXBuildFile; fileRef = 65BC96FC18F3BBE3006063CA /* XCTest.framework */; };
		65BC96FE18F3BBE3006063CA /* Foundation.framework in Frameworks */ = {isa = PBXBuildFile; fileRef = 65BC96DE18F3BBE3006063CA /* Foundation.framework */; };
		65BC96FF18F3BBE3006063CA /* UIKit.framework in Frameworks */ = {isa = PBXBuildFile; fileRef = 65BC96E218F3BBE3006063CA /* UIKit.framework */; };
		65BC970018F3BBE3006063CA /* CoreData.framework in Frameworks */ = {isa = PBXBuildFile; fileRef = 65BC96E418F3BBE3006063CA /* CoreData.framework */; };
		65BC970818F3BBE3006063CA /* InfoPlist.strings in Resources */ = {isa = PBXBuildFile; fileRef = 65BC970618F3BBE3006063CA /* InfoPlist.strings */; };
		65BC970A18F3BBE3006063CA /* TheGreensLeadOrganizerAppTests.m in Sources */ = {isa = PBXBuildFile; fileRef = 65BC970918F3BBE3006063CA /* TheGreensLeadOrganizerAppTests.m */; };
		65BC971918F3C54B006063CA /* Main.storyboard in Resources */ = {isa = PBXBuildFile; fileRef = 65BC971818F3C54B006063CA /* Main.storyboard */; };
		65BC971C18F3C611006063CA /* TGLOLoginViewController.m in Sources */ = {isa = PBXBuildFile; fileRef = 65BC971B18F3C611006063CA /* TGLOLoginViewController.m */; };
		65BC971F18F3CDA8006063CA /* TGLOSideBarViewController.m in Sources */ = {isa = PBXBuildFile; fileRef = 65BC971E18F3CDA8006063CA /* TGLOSideBarViewController.m */; };
		65BC972218F3CE52006063CA /* TGLOMainViewController.m in Sources */ = {isa = PBXBuildFile; fileRef = 65BC972118F3CE52006063CA /* TGLOMainViewController.m */; };
		65BC975218F3D144006063CA /* Default-568h@2x.png in Resources */ = {isa = PBXBuildFile; fileRef = 65BC974318F3D144006063CA /* Default-568h@2x.png */; };
		65BC975318F3D144006063CA /* Default.png in Resources */ = {isa = PBXBuildFile; fileRef = 65BC974418F3D144006063CA /* Default.png */; };
		65BC975418F3D144006063CA /* Default@2x.png in Resources */ = {isa = PBXBuildFile; fileRef = 65BC974518F3D144006063CA /* Default@2x.png */; };
		65BC975618F3D144006063CA /* menu.png in Resources */ = {isa = PBXBuildFile; fileRef = 65BC974718F3D144006063CA /* menu.png */; };
		65BC975718F3D144006063CA /* menu@2x.png in Resources */ = {isa = PBXBuildFile; fileRef = 65BC974818F3D144006063CA /* menu@2x.png */; };
		65BC975818F3D144006063CA /* nav_bg.png in Resources */ = {isa = PBXBuildFile; fileRef = 65BC974918F3D144006063CA /* nav_bg.png */; };
		65BC976118F3DCE6006063CA /* NationBuilder.m in Sources */ = {isa = PBXBuildFile; fileRef = 65BC976018F3DCE6006063CA /* NationBuilder.m */; };
		65BC976418F3DCF2006063CA /* OAuthLoginViewController.m in Sources */ = {isa = PBXBuildFile; fileRef = 65BC976318F3DCF2006063CA /* OAuthLoginViewController.m */; };
/* End PBXBuildFile section */

/* Begin PBXContainerItemProxy section */
		65BC970118F3BBE3006063CA /* PBXContainerItemProxy */ = {
			isa = PBXContainerItemProxy;
			containerPortal = 65BC96D318F3BBE3006063CA /* Project object */;
			proxyType = 1;
			remoteGlobalIDString = 65BC96DA18F3BBE3006063CA;
			remoteInfo = TheGreensLeadOrganizerApp;
		};
/* End PBXContainerItemProxy section */

/* Begin PBXFileReference section */
		3459715E65554AD7BBE218F0 /* libPods.a */ = {isa = PBXFileReference; explicitFileType = archive.ar; includeInIndex = 0; path = libPods.a; sourceTree = BUILT_PRODUCTS_DIR; };
		651318B818FE1A3F00995995 /* TGLOPersonFromTagViewController.h */ = {isa = PBXFileReference; fileEncoding = 4; lastKnownFileType = sourcecode.c.h; path = TGLOPersonFromTagViewController.h; sourceTree = "<group>"; };
		651318B918FE1A3F00995995 /* TGLOPersonFromTagViewController.m */ = {isa = PBXFileReference; fileEncoding = 4; lastKnownFileType = sourcecode.c.objc; path = TGLOPersonFromTagViewController.m; sourceTree = "<group>"; };
		651318BB18FE48F100995995 /* TGLOEditPersonFromSearchViewController.h */ = {isa = PBXFileReference; fileEncoding = 4; lastKnownFileType = sourcecode.c.h; path = TGLOEditPersonFromSearchViewController.h; sourceTree = "<group>"; };
		651318BC18FE48F100995995 /* TGLOEditPersonFromSearchViewController.m */ = {isa = PBXFileReference; fileEncoding = 4; lastKnownFileType = sourcecode.c.objc; path = TGLOEditPersonFromSearchViewController.m; sourceTree = "<group>"; };
		651318C218FE708D00995995 /* TGLOCustomEditTagView.h */ = {isa = PBXFileReference; fileEncoding = 4; lastKnownFileType = sourcecode.c.h; path = TGLOCustomEditTagView.h; sourceTree = "<group>"; };
		651318C318FE708D00995995 /* TGLOCustomEditTagView.m */ = {isa = PBXFileReference; fileEncoding = 4; lastKnownFileType = sourcecode.c.objc; path = TGLOCustomEditTagView.m; sourceTree = "<group>"; };
		651318C518FF71B000995995 /* TGLOCustomEditContactView.h */ = {isa = PBXFileReference; fileEncoding = 4; lastKnownFileType = sourcecode.c.h; path = TGLOCustomEditContactView.h; sourceTree = "<group>"; };
		651318C618FF71B000995995 /* TGLOCustomEditContactView.m */ = {isa = PBXFileReference; fileEncoding = 4; lastKnownFileType = sourcecode.c.objc; path = TGLOCustomEditContactView.m; sourceTree = "<group>"; };
		651318C818FFA40C00995995 /* TGLOCustomEditContactHeaderView.h */ = {isa = PBXFileReference; fileEncoding = 4; lastKnownFileType = sourcecode.c.h; path = TGLOCustomEditContactHeaderView.h; sourceTree = "<group>"; };
		651318C918FFA40C00995995 /* TGLOCustomEditContactHeaderView.m */ = {isa = PBXFileReference; fileEncoding = 4; lastKnownFileType = sourcecode.c.objc; path = TGLOCustomEditContactHeaderView.m; sourceTree = "<group>"; };
		651318D41904FD7600995995 /* TGLOUpdatePersonDelegate.h */ = {isa = PBXFileReference; lastKnownFileType = sourcecode.c.h; path = TGLOUpdatePersonDelegate.h; sourceTree = "<group>"; };
		651318D5190508E600995995 /* TGLOEditPersonFromTagViewController.h */ = {isa = PBXFileReference; fileEncoding = 4; lastKnownFileType = sourcecode.c.h; path = TGLOEditPersonFromTagViewController.h; sourceTree = "<group>"; };
		651318D6190508E600995995 /* TGLOEditPersonFromTagViewController.m */ = {isa = PBXFileReference; fileEncoding = 4; lastKnownFileType = sourcecode.c.objc; path = TGLOEditPersonFromTagViewController.m; sourceTree = "<group>"; };
		651318D819050B9F00995995 /* TGLOEditPersonFromListViewController.h */ = {isa = PBXFileReference; fileEncoding = 4; lastKnownFileType = sourcecode.c.h; path = TGLOEditPersonFromListViewController.h; sourceTree = "<group>"; };
		651318D919050B9F00995995 /* TGLOEditPersonFromListViewController.m */ = {isa = PBXFileReference; fileEncoding = 4; lastKnownFileType = sourcecode.c.objc; path = TGLOEditPersonFromListViewController.m; sourceTree = "<group>"; };
		651318DB1905136000995995 /* TGLOEditMyProfileViewController.h */ = {isa = PBXFileReference; fileEncoding = 4; lastKnownFileType = sourcecode.c.h; path = TGLOEditMyProfileViewController.h; sourceTree = "<group>"; };
		651318DC1905136000995995 /* TGLOEditMyProfileViewController.m */ = {isa = PBXFileReference; fileEncoding = 4; lastKnownFileType = sourcecode.c.objc; path = TGLOEditMyProfileViewController.m; sourceTree = "<group>"; };
		651626D218F4FEDF00DCC064 /* TGLODonationsViewController.h */ = {isa = PBXFileReference; fileEncoding = 4; lastKnownFileType = sourcecode.c.h; path = TGLODonationsViewController.h; sourceTree = "<group>"; };
		651626D318F4FEDF00DCC064 /* TGLODonationsViewController.m */ = {isa = PBXFileReference; fileEncoding = 4; lastKnownFileType = sourcecode.c.objc; path = TGLODonationsViewController.m; sourceTree = "<group>"; };
		651626D518F525F700DCC064 /* TGLOTheGreensViewController.h */ = {isa = PBXFileReference; fileEncoding = 4; lastKnownFileType = sourcecode.c.h; path = TGLOTheGreensViewController.h; sourceTree = "<group>"; };
		651626D618F525F700DCC064 /* TGLOTheGreensViewController.m */ = {isa = PBXFileReference; fileEncoding = 4; lastKnownFileType = sourcecode.c.objc; path = TGLOTheGreensViewController.m; sourceTree = "<group>"; };
		651626D818F52A0400DCC064 /* TGLOEnrolToVoteViewController.h */ = {isa = PBXFileReference; fileEncoding = 4; lastKnownFileType = sourcecode.c.h; path = TGLOEnrolToVoteViewController.h; sourceTree = "<group>"; };
		651626D918F52A0400DCC064 /* TGLOEnrolToVoteViewController.m */ = {isa = PBXFileReference; fileEncoding = 4; lastKnownFileType = sourcecode.c.objc; path = TGLOEnrolToVoteViewController.m; sourceTree = "<group>"; };
		651626DB18F5312300DCC064 /* TGLOMyTagsViewController.h */ = {isa = PBXFileReference; fileEncoding = 4; lastKnownFileType = sourcecode.c.h; path = TGLOMyTagsViewController.h; sourceTree = "<group>"; };
		651626DC18F5312300DCC064 /* TGLOMyTagsViewController.m */ = {isa = PBXFileReference; fileEncoding = 4; lastKnownFileType = sourcecode.c.objc; path = TGLOMyTagsViewController.m; sourceTree = "<group>"; };
		651626DE18F54D8100DCC064 /* TGLOTagViewController.h */ = {isa = PBXFileReference; fileEncoding = 4; lastKnownFileType = sourcecode.c.h; path = TGLOTagViewController.h; sourceTree = "<group>"; };
		651626DF18F54D8100DCC064 /* TGLOTagViewController.m */ = {isa = PBXFileReference; fileEncoding = 4; lastKnownFileType = sourcecode.c.objc; path = TGLOTagViewController.m; sourceTree = "<group>"; };
		651626E418F55ABF00DCC064 /* TGLOSearchViewController.h */ = {isa = PBXFileReference; fileEncoding = 4; lastKnownFileType = sourcecode.c.h; path = TGLOSearchViewController.h; sourceTree = "<group>"; };
		651626E518F55ABF00DCC064 /* TGLOSearchViewController.m */ = {isa = PBXFileReference; fileEncoding = 4; lastKnownFileType = sourcecode.c.objc; path = TGLOSearchViewController.m; sourceTree = "<group>"; };
		651626EB18F6253900DCC064 /* TGLOPerson.h */ = {isa = PBXFileReference; fileEncoding = 4; lastKnownFileType = sourcecode.c.h; path = TGLOPerson.h; sourceTree = "<group>"; };
		651626EC18F6253900DCC064 /* TGLOPerson.m */ = {isa = PBXFileReference; fileEncoding = 4; lastKnownFileType = sourcecode.c.objc; path = TGLOPerson.m; sourceTree = "<group>"; };
		651626F518F6DB4F00DCC064 /* TGLOSearchResultsViewController.h */ = {isa = PBXFileReference; fileEncoding = 4; lastKnownFileType = sourcecode.c.h; path = TGLOSearchResultsViewController.h; sourceTree = "<group>"; };
		651626F618F6DB4F00DCC064 /* TGLOSearchResultsViewController.m */ = {isa = PBXFileReference; fileEncoding = 4; lastKnownFileType = sourcecode.c.objc; path = TGLOSearchResultsViewController.m; sourceTree = "<group>"; };
		651626F818F7A13100DCC064 /* theGreens.png */ = {isa = PBXFileReference; lastKnownFileType = image.png; path = theGreens.png; sourceTree = "<group>"; };
		651626FA18F90D5300DCC064 /* TGLOPersonFromSearchViewController.h */ = {isa = PBXFileReference; fileEncoding = 4; lastKnownFileType = sourcecode.c.h; path = TGLOPersonFromSearchViewController.h; sourceTree = "<group>"; };
		651626FB18F90D5300DCC064 /* TGLOPersonFromSearchViewController.m */ = {isa = PBXFileReference; fileEncoding = 4; lastKnownFileType = sourcecode.c.objc; path = TGLOPersonFromSearchViewController.m; sourceTree = "<group>"; };
		651853FD190FEF1A00D865C4 /* Accelerate.framework */ = {isa = PBXFileReference; lastKnownFileType = wrapper.framework; name = Accelerate.framework; path = System/Library/Frameworks/Accelerate.framework; sourceTree = SDKROOT; };
		65185407190FFD6900D865C4 /* rain_forest-flowering.png */ = {isa = PBXFileReference; lastKnownFileType = image.png; name = "rain_forest-flowering.png"; path = "../../../../Desktop/rain_forest-flowering.png"; sourceTree = "<group>"; };
		654CF49C190CAA08005ABF5A /* TGLOLogoutViewController.h */ = {isa = PBXFileReference; fileEncoding = 4; lastKnownFileType = sourcecode.c.h; path = TGLOLogoutViewController.h; sourceTree = "<group>"; };
		654CF49D190CAA08005ABF5A /* TGLOLogoutViewController.m */ = {isa = PBXFileReference; fileEncoding = 4; lastKnownFileType = sourcecode.c.objc; path = TGLOLogoutViewController.m; sourceTree = "<group>"; };
		655572A018FAAF3B00FA4297 /* TGLOMyListsViewController.h */ = {isa = PBXFileReference; fileEncoding = 4; lastKnownFileType = sourcecode.c.h; path = TGLOMyListsViewController.h; sourceTree = "<group>"; };
		655572A118FAAF3B00FA4297 /* TGLOMyListsViewController.m */ = {isa = PBXFileReference; fileEncoding = 4; lastKnownFileType = sourcecode.c.objc; path = TGLOMyListsViewController.m; sourceTree = "<group>"; };
		655572A318FAB34C00FA4297 /* TGLOListViewController.h */ = {isa = PBXFileReference; fileEncoding = 4; lastKnownFileType = sourcecode.c.h; path = TGLOListViewController.h; sourceTree = "<group>"; };
		655572A418FAB34C00FA4297 /* TGLOListViewController.m */ = {isa = PBXFileReference; fileEncoding = 4; lastKnownFileType = sourcecode.c.objc; path = TGLOListViewController.m; sourceTree = "<group>"; };
		655572B218FBD5AD00FA4297 /* TGLOCustomContactView.h */ = {isa = PBXFileReference; fileEncoding = 4; lastKnownFileType = sourcecode.c.h; path = TGLOCustomContactView.h; sourceTree = "<group>"; };
		655572B318FBD5AD00FA4297 /* TGLOCustomContactView.m */ = {isa = PBXFileReference; fileEncoding = 4; lastKnownFileType = sourcecode.c.objc; path = TGLOCustomContactView.m; sourceTree = "<group>"; };
		656174741906380600EE712F /* TGLOUtils.h */ = {isa = PBXFileReference; fileEncoding = 4; lastKnownFileType = sourcecode.c.h; path = TGLOUtils.h; sourceTree = "<group>"; };
		656174751906380600EE712F /* TGLOUtils.m */ = {isa = PBXFileReference; fileEncoding = 4; lastKnownFileType = sourcecode.c.objc; path = TGLOUtils.m; sourceTree = "<group>"; };
		6561747719090B1900EE712F /* TGLOAccountLoginViewController.h */ = {isa = PBXFileReference; fileEncoding = 4; lastKnownFileType = sourcecode.c.h; path = TGLOAccountLoginViewController.h; sourceTree = "<group>"; };
		6561747819090B1900EE712F /* TGLOAccountLoginViewController.m */ = {isa = PBXFileReference; fileEncoding = 4; lastKnownFileType = sourcecode.c.objc; path = TGLOAccountLoginViewController.m; sourceTree = "<group>"; };
		65A812931910F34700C46959 /* theGreens58x58.png */ = {isa = PBXFileReference; lastKnownFileType = image.png; path = theGreens58x58.png; sourceTree = "<group>"; };
		65A812941910F34700C46959 /* theGreens80x80.png */ = {isa = PBXFileReference; lastKnownFileType = image.png; path = theGreens80x80.png; sourceTree = "<group>"; };
		65A812951910F34700C46959 /* theGreens120x120.png */ = {isa = PBXFileReference; lastKnownFileType = image.png; path = theGreens120x120.png; sourceTree = "<group>"; };
		65A8129F19111C3200C46959 /* forest-fog.jpg */ = {isa = PBXFileReference; lastKnownFileType = image.jpeg; path = "forest-fog.jpg"; sourceTree = "<group>"; };
		65A812A119111D5C00C46959 /* forest-fog-1.jpg */ = {isa = PBXFileReference; lastKnownFileType = image.jpeg; path = "forest-fog-1.jpg"; sourceTree = "<group>"; };
		65A812A319111E2000C46959 /* forest-fog-2.jpg */ = {isa = PBXFileReference; lastKnownFileType = image.jpeg; path = "forest-fog-2.jpg"; sourceTree = "<group>"; };
		65A812A71911299100C46959 /* people-walking.jpg */ = {isa = PBXFileReference; lastKnownFileType = image.jpeg; path = "people-walking.jpg"; sourceTree = "<group>"; };
		65A812A919112A9B00C46959 /* walking.jpg */ = {isa = PBXFileReference; lastKnownFileType = image.jpeg; path = walking.jpg; sourceTree = "<group>"; };
		65B022EE18FD27A50057E741 /* TGLOPersonFromListViewController.h */ = {isa = PBXFileReference; fileEncoding = 4; lastKnownFileType = sourcecode.c.h; path = TGLOPersonFromListViewController.h; sourceTree = "<group>"; };
		65B022EF18FD27A50057E741 /* TGLOPersonFromListViewController.m */ = {isa = PBXFileReference; fileEncoding = 4; lastKnownFileType = sourcecode.c.objc; path = TGLOPersonFromListViewController.m; sourceTree = "<group>"; };
		65B25AD11913874A000A8349 /* userIcon60x60.png */ = {isa = PBXFileReference; lastKnownFileType = image.png; path = userIcon60x60.png; sourceTree = "<group>"; };
		65B25AD3191387AC000A8349 /* searchIcon60x60.png */ = {isa = PBXFileReference; lastKnownFileType = image.png; path = searchIcon60x60.png; sourceTree = "<group>"; };
		65B25AD519138928000A8349 /* enrolToVoteIcon60x60.png */ = {isa = PBXFileReference; lastKnownFileType = image.png; path = enrolToVoteIcon60x60.png; sourceTree = "<group>"; };
		65B25AD719138989000A8349 /* tagsIcon60x60.png */ = {isa = PBXFileReference; lastKnownFileType = image.png; path = tagsIcon60x60.png; sourceTree = "<group>"; };
		65B25AD919138A69000A8349 /* logoutIcon60x60.png */ = {isa = PBXFileReference; lastKnownFileType = image.png; path = logoutIcon60x60.png; sourceTree = "<group>"; };
		65B25ADB19138B16000A8349 /* listsIcon60x60.png */ = {isa = PBXFileReference; lastKnownFileType = image.png; path = listsIcon60x60.png; sourceTree = "<group>"; };
		65B25ADD19138B83000A8349 /* donatIcon60x60.png */ = {isa = PBXFileReference; lastKnownFileType = image.png; path = donatIcon60x60.png; sourceTree = "<group>"; };
		65B25ADF1914F61C000A8349 /* grey120x120.png */ = {isa = PBXFileReference; lastKnownFileType = image.png; path = grey120x120.png; sourceTree = "<group>"; };
		65BC96DB18F3BBE3006063CA /* Vic Greens.app */ = {isa = PBXFileReference; explicitFileType = wrapper.application; includeInIndex = 0; path = "Vic Greens.app"; sourceTree = BUILT_PRODUCTS_DIR; };
		65BC96DE18F3BBE3006063CA /* Foundation.framework */ = {isa = PBXFileReference; lastKnownFileType = wrapper.framework; name = Foundation.framework; path = System/Library/Frameworks/Foundation.framework; sourceTree = SDKROOT; };
		65BC96E018F3BBE3006063CA /* CoreGraphics.framework */ = {isa = PBXFileReference; lastKnownFileType = wrapper.framework; name = CoreGraphics.framework; path = System/Library/Frameworks/CoreGraphics.framework; sourceTree = SDKROOT; };
		65BC96E218F3BBE3006063CA /* UIKit.framework */ = {isa = PBXFileReference; lastKnownFileType = wrapper.framework; name = UIKit.framework; path = System/Library/Frameworks/UIKit.framework; sourceTree = SDKROOT; };
		65BC96E418F3BBE3006063CA /* CoreData.framework */ = {isa = PBXFileReference; lastKnownFileType = wrapper.framework; name = CoreData.framework; path = System/Library/Frameworks/CoreData.framework; sourceTree = SDKROOT; };
		65BC96E818F3BBE3006063CA /* Vic Greens-Info.plist */ = {isa = PBXFileReference; lastKnownFileType = text.plist.xml; path = "Vic Greens-Info.plist"; sourceTree = "<group>"; };
		65BC96EA18F3BBE3006063CA /* en */ = {isa = PBXFileReference; lastKnownFileType = text.plist.strings; name = en; path = en.lproj/InfoPlist.strings; sourceTree = "<group>"; };
		65BC96EC18F3BBE3006063CA /* main.m */ = {isa = PBXFileReference; lastKnownFileType = sourcecode.c.objc; path = main.m; sourceTree = "<group>"; };
		65BC96EE18F3BBE3006063CA /* Vic Greens-Prefix.pch */ = {isa = PBXFileReference; lastKnownFileType = sourcecode.c.h; path = "Vic Greens-Prefix.pch"; sourceTree = "<group>"; };
		65BC96EF18F3BBE3006063CA /* TGLOAppDelegate.h */ = {isa = PBXFileReference; lastKnownFileType = sourcecode.c.h; path = TGLOAppDelegate.h; sourceTree = "<group>"; };
		65BC96F018F3BBE3006063CA /* TGLOAppDelegate.m */ = {isa = PBXFileReference; lastKnownFileType = sourcecode.c.objc; path = TGLOAppDelegate.m; sourceTree = "<group>"; };
		65BC96F318F3BBE3006063CA /* TheGreensLeadOrganizerApp.xcdatamodel */ = {isa = PBXFileReference; lastKnownFileType = wrapper.xcdatamodel; path = TheGreensLeadOrganizerApp.xcdatamodel; sourceTree = "<group>"; };
		65BC96F518F3BBE3006063CA /* Images.xcassets */ = {isa = PBXFileReference; lastKnownFileType = folder.assetcatalog; path = Images.xcassets; sourceTree = "<group>"; };
		65BC96FB18F3BBE3006063CA /* Vic GreensTests.xctest */ = {isa = PBXFileReference; explicitFileType = wrapper.cfbundle; includeInIndex = 0; path = "Vic GreensTests.xctest"; sourceTree = BUILT_PRODUCTS_DIR; };
		65BC96FC18F3BBE3006063CA /* XCTest.framework */ = {isa = PBXFileReference; lastKnownFileType = wrapper.framework; name = XCTest.framework; path = Library/Frameworks/XCTest.framework; sourceTree = DEVELOPER_DIR; };
		65BC970518F3BBE3006063CA /* Vic GreensTests-Info.plist */ = {isa = PBXFileReference; lastKnownFileType = text.plist.xml; path = "Vic GreensTests-Info.plist"; sourceTree = "<group>"; };
		65BC970718F3BBE3006063CA /* en */ = {isa = PBXFileReference; lastKnownFileType = text.plist.strings; name = en; path = en.lproj/InfoPlist.strings; sourceTree = "<group>"; };
		65BC970918F3BBE3006063CA /* TheGreensLeadOrganizerAppTests.m */ = {isa = PBXFileReference; lastKnownFileType = sourcecode.c.objc; path = TheGreensLeadOrganizerAppTests.m; sourceTree = "<group>"; };
		65BC971818F3C54B006063CA /* Main.storyboard */ = {isa = PBXFileReference; fileEncoding = 4; lastKnownFileType = file.storyboard; path = Main.storyboard; sourceTree = "<group>"; };
		65BC971A18F3C611006063CA /* TGLOLoginViewController.h */ = {isa = PBXFileReference; fileEncoding = 4; lastKnownFileType = sourcecode.c.h; path = TGLOLoginViewController.h; sourceTree = "<group>"; };
		65BC971B18F3C611006063CA /* TGLOLoginViewController.m */ = {isa = PBXFileReference; fileEncoding = 4; lastKnownFileType = sourcecode.c.objc; path = TGLOLoginViewController.m; sourceTree = "<group>"; };
		65BC971D18F3CDA8006063CA /* TGLOSideBarViewController.h */ = {isa = PBXFileReference; fileEncoding = 4; lastKnownFileType = sourcecode.c.h; path = TGLOSideBarViewController.h; sourceTree = "<group>"; };
		65BC971E18F3CDA8006063CA /* TGLOSideBarViewController.m */ = {isa = PBXFileReference; fileEncoding = 4; lastKnownFileType = sourcecode.c.objc; path = TGLOSideBarViewController.m; sourceTree = "<group>"; };
		65BC972018F3CE52006063CA /* TGLOMainViewController.h */ = {isa = PBXFileReference; fileEncoding = 4; lastKnownFileType = sourcecode.c.h; path = TGLOMainViewController.h; sourceTree = "<group>"; };
		65BC972118F3CE52006063CA /* TGLOMainViewController.m */ = {isa = PBXFileReference; fileEncoding = 4; lastKnownFileType = sourcecode.c.objc; path = TGLOMainViewController.m; sourceTree = "<group>"; };
		65BC974318F3D144006063CA /* Default-568h@2x.png */ = {isa = PBXFileReference; lastKnownFileType = image.png; path = "Default-568h@2x.png"; sourceTree = "<group>"; };
		65BC974418F3D144006063CA /* Default.png */ = {isa = PBXFileReference; lastKnownFileType = image.png; path = Default.png; sourceTree = "<group>"; };
		65BC974518F3D144006063CA /* Default@2x.png */ = {isa = PBXFileReference; lastKnownFileType = image.png; path = "Default@2x.png"; sourceTree = "<group>"; };
		65BC974718F3D144006063CA /* menu.png */ = {isa = PBXFileReference; lastKnownFileType = image.png; path = menu.png; sourceTree = "<group>"; };
		65BC974818F3D144006063CA /* menu@2x.png */ = {isa = PBXFileReference; lastKnownFileType = image.png; path = "menu@2x.png"; sourceTree = "<group>"; };
		65BC974918F3D144006063CA /* nav_bg.png */ = {isa = PBXFileReference; lastKnownFileType = image.png; path = nav_bg.png; sourceTree = "<group>"; };
		65BC975F18F3DCE6006063CA /* NationBuilder.h */ = {isa = PBXFileReference; fileEncoding = 4; lastKnownFileType = sourcecode.c.h; path = NationBuilder.h; sourceTree = "<group>"; };
		65BC976018F3DCE6006063CA /* NationBuilder.m */ = {isa = PBXFileReference; fileEncoding = 4; lastKnownFileType = sourcecode.c.objc; path = NationBuilder.m; sourceTree = "<group>"; };
		65BC976218F3DCF2006063CA /* OAuthLoginViewController.h */ = {isa = PBXFileReference; fileEncoding = 4; lastKnownFileType = sourcecode.c.h; path = OAuthLoginViewController.h; sourceTree = "<group>"; };
		65BC976318F3DCF2006063CA /* OAuthLoginViewController.m */ = {isa = PBXFileReference; fileEncoding = 4; lastKnownFileType = sourcecode.c.objc; path = OAuthLoginViewController.m; sourceTree = "<group>"; };
		950AE0EADB7042F4B10AC436 /* Pods.xcconfig */ = {isa = PBXFileReference; includeInIndex = 1; lastKnownFileType = text.xcconfig; name = Pods.xcconfig; path = Pods/Pods.xcconfig; sourceTree = "<group>"; };
/* End PBXFileReference section */

/* Begin PBXFrameworksBuildPhase section */
		65BC96D818F3BBE3006063CA /* Frameworks */ = {
			isa = PBXFrameworksBuildPhase;
			buildActionMask = 2147483647;
			files = (
				651853FE190FEF1A00D865C4 /* Accelerate.framework in Frameworks */,
				65BC96E118F3BBE3006063CA /* CoreGraphics.framework in Frameworks */,
				65BC96E518F3BBE3006063CA /* CoreData.framework in Frameworks */,
				65BC96E318F3BBE3006063CA /* UIKit.framework in Frameworks */,
				65BC96DF18F3BBE3006063CA /* Foundation.framework in Frameworks */,
				298431D28BB34DADBA901474 /* libPods.a in Frameworks */,
			);
			runOnlyForDeploymentPostprocessing = 0;
		};
		65BC96F818F3BBE3006063CA /* Frameworks */ = {
			isa = PBXFrameworksBuildPhase;
			buildActionMask = 2147483647;
			files = (
				65BC96FD18F3BBE3006063CA /* XCTest.framework in Frameworks */,
				65BC970018F3BBE3006063CA /* CoreData.framework in Frameworks */,
				65BC96FF18F3BBE3006063CA /* UIKit.framework in Frameworks */,
				65BC96FE18F3BBE3006063CA /* Foundation.framework in Frameworks */,
			);
			runOnlyForDeploymentPostprocessing = 0;
		};
/* End PBXFrameworksBuildPhase section */

/* Begin PBXGroup section */
		655572A618FBC7C800FA4297 /* CustomViews */ = {
			isa = PBXGroup;
			children = (
				655572B218FBD5AD00FA4297 /* TGLOCustomContactView.h */,
				655572B318FBD5AD00FA4297 /* TGLOCustomContactView.m */,
				651318C218FE708D00995995 /* TGLOCustomEditTagView.h */,
				651318C318FE708D00995995 /* TGLOCustomEditTagView.m */,
				651318C518FF71B000995995 /* TGLOCustomEditContactView.h */,
				651318C618FF71B000995995 /* TGLOCustomEditContactView.m */,
				651318C818FFA40C00995995 /* TGLOCustomEditContactHeaderView.h */,
				651318C918FFA40C00995995 /* TGLOCustomEditContactHeaderView.m */,
			);
			name = CustomViews;
			sourceTree = "<group>";
		};
		65BC96D218F3BBE3006063CA = {
			isa = PBXGroup;
			children = (
				65BC96E618F3BBE3006063CA /* Vic Greens */,
				65BC970318F3BBE3006063CA /* Vic Greens Tests */,
				65BC96DD18F3BBE3006063CA /* Frameworks */,
				65BC96DC18F3BBE3006063CA /* Products */,
				950AE0EADB7042F4B10AC436 /* Pods.xcconfig */,
			);
			sourceTree = "<group>";
		};
		65BC96DC18F3BBE3006063CA /* Products */ = {
			isa = PBXGroup;
			children = (
				65BC96DB18F3BBE3006063CA /* Vic Greens.app */,
				65BC96FB18F3BBE3006063CA /* Vic GreensTests.xctest */,
			);
			name = Products;
			sourceTree = "<group>";
		};
		65BC96DD18F3BBE3006063CA /* Frameworks */ = {
			isa = PBXGroup;
			children = (
				651853FD190FEF1A00D865C4 /* Accelerate.framework */,
				65BC96DE18F3BBE3006063CA /* Foundation.framework */,
				65BC96E018F3BBE3006063CA /* CoreGraphics.framework */,
				65BC96E218F3BBE3006063CA /* UIKit.framework */,
				65BC96E418F3BBE3006063CA /* CoreData.framework */,
				65BC96FC18F3BBE3006063CA /* XCTest.framework */,
				3459715E65554AD7BBE218F0 /* libPods.a */,
			);
			name = Frameworks;
			sourceTree = "<group>";
		};
		65BC96E618F3BBE3006063CA /* Vic Greens */ = {
			isa = PBXGroup;
			children = (
				655572A618FBC7C800FA4297 /* CustomViews */,
				65BC975E18F3DCAA006063CA /* OAuth2 */,
				65BC96EF18F3BBE3006063CA /* TGLOAppDelegate.h */,
				65BC96F018F3BBE3006063CA /* TGLOAppDelegate.m */,
				65BC96F518F3BBE3006063CA /* Images.xcassets */,
				65BC96F218F3BBE3006063CA /* TheGreensLeadOrganizerApp.xcdatamodeld */,
				65BC971818F3C54B006063CA /* Main.storyboard */,
				6561747719090B1900EE712F /* TGLOAccountLoginViewController.h */,
				6561747819090B1900EE712F /* TGLOAccountLoginViewController.m */,
				65BC971A18F3C611006063CA /* TGLOLoginViewController.h */,
				65BC971B18F3C611006063CA /* TGLOLoginViewController.m */,
				65BC971D18F3CDA8006063CA /* TGLOSideBarViewController.h */,
				65BC971E18F3CDA8006063CA /* TGLOSideBarViewController.m */,
				65BC972018F3CE52006063CA /* TGLOMainViewController.h */,
				65BC972118F3CE52006063CA /* TGLOMainViewController.m */,
				65BC96E718F3BBE3006063CA /* Supporting Files */,
				651626D218F4FEDF00DCC064 /* TGLODonationsViewController.h */,
				651626D318F4FEDF00DCC064 /* TGLODonationsViewController.m */,
				651626D518F525F700DCC064 /* TGLOTheGreensViewController.h */,
				651626D618F525F700DCC064 /* TGLOTheGreensViewController.m */,
				651626D818F52A0400DCC064 /* TGLOEnrolToVoteViewController.h */,
				651626D918F52A0400DCC064 /* TGLOEnrolToVoteViewController.m */,
				651626DB18F5312300DCC064 /* TGLOMyTagsViewController.h */,
				651626DC18F5312300DCC064 /* TGLOMyTagsViewController.m */,
				651626DE18F54D8100DCC064 /* TGLOTagViewController.h */,
				651626DF18F54D8100DCC064 /* TGLOTagViewController.m */,
				651626E418F55ABF00DCC064 /* TGLOSearchViewController.h */,
				651626E518F55ABF00DCC064 /* TGLOSearchViewController.m */,
				651626F518F6DB4F00DCC064 /* TGLOSearchResultsViewController.h */,
				651626F618F6DB4F00DCC064 /* TGLOSearchResultsViewController.m */,
				651626EB18F6253900DCC064 /* TGLOPerson.h */,
				651626EC18F6253900DCC064 /* TGLOPerson.m */,
				651626FA18F90D5300DCC064 /* TGLOPersonFromSearchViewController.h */,
				651626FB18F90D5300DCC064 /* TGLOPersonFromSearchViewController.m */,
				655572A018FAAF3B00FA4297 /* TGLOMyListsViewController.h */,
				655572A118FAAF3B00FA4297 /* TGLOMyListsViewController.m */,
				655572A318FAB34C00FA4297 /* TGLOListViewController.h */,
				655572A418FAB34C00FA4297 /* TGLOListViewController.m */,
				65B022EE18FD27A50057E741 /* TGLOPersonFromListViewController.h */,
				65B022EF18FD27A50057E741 /* TGLOPersonFromListViewController.m */,
				651318B818FE1A3F00995995 /* TGLOPersonFromTagViewController.h */,
				651318B918FE1A3F00995995 /* TGLOPersonFromTagViewController.m */,
				651318BB18FE48F100995995 /* TGLOEditPersonFromSearchViewController.h */,
				651318BC18FE48F100995995 /* TGLOEditPersonFromSearchViewController.m */,
				651318D41904FD7600995995 /* TGLOUpdatePersonDelegate.h */,
				651318D5190508E600995995 /* TGLOEditPersonFromTagViewController.h */,
				651318D6190508E600995995 /* TGLOEditPersonFromTagViewController.m */,
				651318D819050B9F00995995 /* TGLOEditPersonFromListViewController.h */,
				651318D919050B9F00995995 /* TGLOEditPersonFromListViewController.m */,
				651318DB1905136000995995 /* TGLOEditMyProfileViewController.h */,
				651318DC1905136000995995 /* TGLOEditMyProfileViewController.m */,
				656174741906380600EE712F /* TGLOUtils.h */,
				656174751906380600EE712F /* TGLOUtils.m */,
				654CF49C190CAA08005ABF5A /* TGLOLogoutViewController.h */,
				654CF49D190CAA08005ABF5A /* TGLOLogoutViewController.m */,
			);
			name = "Vic Greens";
			path = TheGreensLeadOrganizerApp;
			sourceTree = "<group>";
		};
		65BC96E718F3BBE3006063CA /* Supporting Files */ = {
			isa = PBXGroup;
			children = (
				65BC96EE18F3BBE3006063CA /* Vic Greens-Prefix.pch */,
				65BC972318F3CFE7006063CA /* Images */,
				65BC96E818F3BBE3006063CA /* Vic Greens-Info.plist */,
				65BC96E918F3BBE3006063CA /* InfoPlist.strings */,
				65BC96EC18F3BBE3006063CA /* main.m */,
			);
			name = "Supporting Files";
			sourceTree = "<group>";
		};
		65BC970318F3BBE3006063CA /* Vic Greens Tests */ = {
			isa = PBXGroup;
			children = (
				65BC970918F3BBE3006063CA /* TheGreensLeadOrganizerAppTests.m */,
				65BC970418F3BBE3006063CA /* Supporting Files */,
			);
			name = "Vic Greens Tests";
			path = TheGreensLeadOrganizerAppTests;
			sourceTree = "<group>";
		};
		65BC970418F3BBE3006063CA /* Supporting Files */ = {
			isa = PBXGroup;
			children = (
				65BC970518F3BBE3006063CA /* Vic GreensTests-Info.plist */,
				65BC970618F3BBE3006063CA /* InfoPlist.strings */,
			);
			name = "Supporting Files";
			sourceTree = "<group>";
		};
		65BC972318F3CFE7006063CA /* Images */ = {
			isa = PBXGroup;
			children = (
				65B25AD919138A69000A8349 /* logoutIcon60x60.png */,
				65B25ADF1914F61C000A8349 /* grey120x120.png */,
				65B25ADD19138B83000A8349 /* donatIcon60x60.png */,
				65B25ADB19138B16000A8349 /* listsIcon60x60.png */,
				65B25AD519138928000A8349 /* enrolToVoteIcon60x60.png */,
				65B25AD719138989000A8349 /* tagsIcon60x60.png */,
				65B25AD11913874A000A8349 /* userIcon60x60.png */,
				65B25AD3191387AC000A8349 /* searchIcon60x60.png */,
				65A812A71911299100C46959 /* people-walking.jpg */,
				65A8129F19111C3200C46959 /* forest-fog.jpg */,
				65A812A919112A9B00C46959 /* walking.jpg */,
				65A812A119111D5C00C46959 /* forest-fog-1.jpg */,
				65A812A319111E2000C46959 /* forest-fog-2.jpg */,
				65185407190FFD6900D865C4 /* rain_forest-flowering.png */,
				65A812931910F34700C46959 /* theGreens58x58.png */,
				65A812941910F34700C46959 /* theGreens80x80.png */,
				65A812951910F34700C46959 /* theGreens120x120.png */,
				651626F818F7A13100DCC064 /* theGreens.png */,
				65BC974318F3D144006063CA /* Default-568h@2x.png */,
				65BC974418F3D144006063CA /* Default.png */,
				65BC974518F3D144006063CA /* Default@2x.png */,
				65BC974718F3D144006063CA /* menu.png */,
				65BC974818F3D144006063CA /* menu@2x.png */,
				65BC974918F3D144006063CA /* nav_bg.png */,
			);
			name = Images;
			sourceTree = "<group>";
		};
		65BC975E18F3DCAA006063CA /* OAuth2 */ = {
			isa = PBXGroup;
			children = (
				65BC976218F3DCF2006063CA /* OAuthLoginViewController.h */,
				65BC976318F3DCF2006063CA /* OAuthLoginViewController.m */,
				65BC975F18F3DCE6006063CA /* NationBuilder.h */,
				65BC976018F3DCE6006063CA /* NationBuilder.m */,
			);
			name = OAuth2;
			sourceTree = "<group>";
		};
/* End PBXGroup section */

/* Begin PBXNativeTarget section */
		65BC96DA18F3BBE3006063CA /* Vic Greens */ = {
			isa = PBXNativeTarget;
			buildConfigurationList = 65BC970D18F3BBE3006063CA /* Build configuration list for PBXNativeTarget "Vic Greens" */;
			buildPhases = (
				AE248403B5DC4500A1C28481 /* Check Pods Manifest.lock */,
				65BC96D718F3BBE3006063CA /* Sources */,
				65BC96D818F3BBE3006063CA /* Frameworks */,
				65BC96D918F3BBE3006063CA /* Resources */,
				70E9F9D6B37A4BC4839F2A38 /* Copy Pods Resources */,
			);
			buildRules = (
			);
			dependencies = (
			);
			name = "Vic Greens";
			productName = TheGreensLeadOrganizerApp;
			productReference = 65BC96DB18F3BBE3006063CA /* Vic Greens.app */;
			productType = "com.apple.product-type.application";
		};
		65BC96FA18F3BBE3006063CA /* Vic GreensTests */ = {
			isa = PBXNativeTarget;
			buildConfigurationList = 65BC971018F3BBE3006063CA /* Build configuration list for PBXNativeTarget "Vic GreensTests" */;
			buildPhases = (
				65BC96F718F3BBE3006063CA /* Sources */,
				65BC96F818F3BBE3006063CA /* Frameworks */,
				65BC96F918F3BBE3006063CA /* Resources */,
			);
			buildRules = (
			);
			dependencies = (
				65BC970218F3BBE3006063CA /* PBXTargetDependency */,
			);
			name = "Vic GreensTests";
			productName = TheGreensLeadOrganizerAppTests;
			productReference = 65BC96FB18F3BBE3006063CA /* Vic GreensTests.xctest */;
			productType = "com.apple.product-type.bundle.unit-test";
		};
/* End PBXNativeTarget section */

/* Begin PBXProject section */
		65BC96D318F3BBE3006063CA /* Project object */ = {
			isa = PBXProject;
			attributes = {
				CLASSPREFIX = TGLO;
				LastUpgradeCheck = 0510;
				ORGANIZATIONNAME = "andre trosky";
				TargetAttributes = {
					65BC96DA18F3BBE3006063CA = {
						DevelopmentTeam = 2S55BPX8GX;
					};
					65BC96FA18F3BBE3006063CA = {
						TestTargetID = 65BC96DA18F3BBE3006063CA;
					};
				};
			};
			buildConfigurationList = 65BC96D618F3BBE3006063CA /* Build configuration list for PBXProject "Vic Greens" */;
			compatibilityVersion = "Xcode 3.2";
			developmentRegion = English;
			hasScannedForEncodings = 0;
			knownRegions = (
				en,
			);
			mainGroup = 65BC96D218F3BBE3006063CA;
			productRefGroup = 65BC96DC18F3BBE3006063CA /* Products */;
			projectDirPath = "";
			projectRoot = "";
			targets = (
				65BC96DA18F3BBE3006063CA /* Vic Greens */,
				65BC96FA18F3BBE3006063CA /* Vic GreensTests */,
			);
		};
/* End PBXProject section */

/* Begin PBXResourcesBuildPhase section */
		65BC96D918F3BBE3006063CA /* Resources */ = {
			isa = PBXResourcesBuildPhase;
			buildActionMask = 2147483647;
			files = (
				65B25AD619138928000A8349 /* enrolToVoteIcon60x60.png in Resources */,
				65A812A81911299100C46959 /* people-walking.jpg in Resources */,
				65BC971918F3C54B006063CA /* Main.storyboard in Resources */,
				65B25ADE19138B83000A8349 /* donatIcon60x60.png in Resources */,
				65BC975718F3D144006063CA /* menu@2x.png in Resources */,
				65A812971910F34700C46959 /* theGreens80x80.png in Resources */,
				651626F918F7A13100DCC064 /* theGreens.png in Resources */,
				65A812A419111E2000C46959 /* forest-fog-2.jpg in Resources */,
				65A812961910F34700C46959 /* theGreens58x58.png in Resources */,
				65185408190FFD6900D865C4 /* rain_forest-flowering.png in Resources */,
				65B25AD819138989000A8349 /* tagsIcon60x60.png in Resources */,
				65BC975418F3D144006063CA /* Default@2x.png in Resources */,
				65B25AD4191387AC000A8349 /* searchIcon60x60.png in Resources */,
				65BC975318F3D144006063CA /* Default.png in Resources */,
				65A812981910F34700C46959 /* theGreens120x120.png in Resources */,
				65A812AA19112A9B00C46959 /* walking.jpg in Resources */,
				65A812A219111D5C00C46959 /* forest-fog-1.jpg in Resources */,
				65B25ADC19138B16000A8349 /* listsIcon60x60.png in Resources */,
				65B25ADA19138A69000A8349 /* logoutIcon60x60.png in Resources */,
				65BC96EB18F3BBE3006063CA /* InfoPlist.strings in Resources */,
				65BC975618F3D144006063CA /* menu.png in Resources */,
				65BC975218F3D144006063CA /* Default-568h@2x.png in Resources */,
				65BC975818F3D144006063CA /* nav_bg.png in Resources */,
				65B25AD21913874A000A8349 /* userIcon60x60.png in Resources */,
				65B25AE01914F61C000A8349 /* grey120x120.png in Resources */,
				65BC96F618F3BBE3006063CA /* Images.xcassets in Resources */,
				65A812A019111C3200C46959 /* forest-fog.jpg in Resources */,
			);
			runOnlyForDeploymentPostprocessing = 0;
		};
		65BC96F918F3BBE3006063CA /* Resources */ = {
			isa = PBXResourcesBuildPhase;
			buildActionMask = 2147483647;
			files = (
				65BC970818F3BBE3006063CA /* InfoPlist.strings in Resources */,
			);
			runOnlyForDeploymentPostprocessing = 0;
		};
/* End PBXResourcesBuildPhase section */

/* Begin PBXShellScriptBuildPhase section */
		70E9F9D6B37A4BC4839F2A38 /* Copy Pods Resources */ = {
			isa = PBXShellScriptBuildPhase;
			buildActionMask = 2147483647;
			files = (
			);
			inputPaths = (
			);
			name = "Copy Pods Resources";
			outputPaths = (
			);
			runOnlyForDeploymentPostprocessing = 0;
			shellPath = /bin/sh;
			shellScript = "\"${SRCROOT}/Pods/Pods-resources.sh\"\n";
			showEnvVarsInLog = 0;
		};
		AE248403B5DC4500A1C28481 /* Check Pods Manifest.lock */ = {
			isa = PBXShellScriptBuildPhase;
			buildActionMask = 2147483647;
			files = (
			);
			inputPaths = (
			);
			name = "Check Pods Manifest.lock";
			outputPaths = (
			);
			runOnlyForDeploymentPostprocessing = 0;
			shellPath = /bin/sh;
			shellScript = "diff \"${PODS_ROOT}/../Podfile.lock\" \"${PODS_ROOT}/Manifest.lock\" > /dev/null\nif [[ $? != 0 ]] ; then\n    cat << EOM\nerror: The sandbox is not in sync with the Podfile.lock. Run 'pod install' or update your CocoaPods installation.\nEOM\n    exit 1\nfi\n";
			showEnvVarsInLog = 0;
		};
/* End PBXShellScriptBuildPhase section */

/* Begin PBXSourcesBuildPhase section */
		65BC96D718F3BBE3006063CA /* Sources */ = {
			isa = PBXSourcesBuildPhase;
			buildActionMask = 2147483647;
			files = (
				65BC971F18F3CDA8006063CA /* TGLOSideBarViewController.m in Sources */,
				651626FC18F90D5300DCC064 /* TGLOPersonFromSearchViewController.m in Sources */,
				6561747919090B1900EE712F /* TGLOAccountLoginViewController.m in Sources */,
				651626E618F55ABF00DCC064 /* TGLOSearchViewController.m in Sources */,
				654CF49E190CAA08005ABF5A /* TGLOLogoutViewController.m in Sources */,
				656174761906380600EE712F /* TGLOUtils.m in Sources */,
				651318BA18FE1A3F00995995 /* TGLOPersonFromTagViewController.m in Sources */,
				651318C718FF71B000995995 /* TGLOCustomEditContactView.m in Sources */,
				65BC972218F3CE52006063CA /* TGLOMainViewController.m in Sources */,
				651626DA18F52A0400DCC064 /* TGLOEnrolToVoteViewController.m in Sources */,
				651626DD18F5312300DCC064 /* TGLOMyTagsViewController.m in Sources */,
				65BC96F418F3BBE3006063CA /* TheGreensLeadOrganizerApp.xcdatamodeld in Sources */,
				651318C418FE708D00995995 /* TGLOCustomEditTagView.m in Sources */,
				651626E018F54D8100DCC064 /* TGLOTagViewController.m in Sources */,
				655572A218FAAF3B00FA4297 /* TGLOMyListsViewController.m in Sources */,
				655572B418FBD5AD00FA4297 /* TGLOCustomContactView.m in Sources */,
				65BC96F118F3BBE3006063CA /* TGLOAppDelegate.m in Sources */,
				651626D418F4FEDF00DCC064 /* TGLODonationsViewController.m in Sources */,
				651626D718F525F700DCC064 /* TGLOTheGreensViewController.m in Sources */,
				65BC976118F3DCE6006063CA /* NationBuilder.m in Sources */,
				651318CA18FFA40C00995995 /* TGLOCustomEditContactHeaderView.m in Sources */,
				651626F718F6DB4F00DCC064 /* TGLOSearchResultsViewController.m in Sources */,
				651318BD18FE48F100995995 /* TGLOEditPersonFromSearchViewController.m in Sources */,
				651318D7190508E600995995 /* TGLOEditPersonFromTagViewController.m in Sources */,
				65BC971C18F3C611006063CA /* TGLOLoginViewController.m in Sources */,
				655572A518FAB34C00FA4297 /* TGLOListViewController.m in Sources */,
				65BC976418F3DCF2006063CA /* OAuthLoginViewController.m in Sources */,
				651626ED18F6253900DCC064 /* TGLOPerson.m in Sources */,
				651318DD1905136000995995 /* TGLOEditMyProfileViewController.m in Sources */,
				65BC96ED18F3BBE3006063CA /* main.m in Sources */,
				65B022F018FD27A50057E741 /* TGLOPersonFromListViewController.m in Sources */,
				651318DA19050B9F00995995 /* TGLOEditPersonFromListViewController.m in Sources */,
			);
			runOnlyForDeploymentPostprocessing = 0;
		};
		65BC96F718F3BBE3006063CA /* Sources */ = {
			isa = PBXSourcesBuildPhase;
			buildActionMask = 2147483647;
			files = (
				65BC970A18F3BBE3006063CA /* TheGreensLeadOrganizerAppTests.m in Sources */,
			);
			runOnlyForDeploymentPostprocessing = 0;
		};
/* End PBXSourcesBuildPhase section */

/* Begin PBXTargetDependency section */
		65BC970218F3BBE3006063CA /* PBXTargetDependency */ = {
			isa = PBXTargetDependency;
			target = 65BC96DA18F3BBE3006063CA /* Vic Greens */;
			targetProxy = 65BC970118F3BBE3006063CA /* PBXContainerItemProxy */;
		};
/* End PBXTargetDependency section */

/* Begin PBXVariantGroup section */
		65BC96E918F3BBE3006063CA /* InfoPlist.strings */ = {
			isa = PBXVariantGroup;
			children = (
				65BC96EA18F3BBE3006063CA /* en */,
			);
			name = InfoPlist.strings;
			sourceTree = "<group>";
		};
		65BC970618F3BBE3006063CA /* InfoPlist.strings */ = {
			isa = PBXVariantGroup;
			children = (
				65BC970718F3BBE3006063CA /* en */,
			);
			name = InfoPlist.strings;
			sourceTree = "<group>";
		};
/* End PBXVariantGroup section */

/* Begin XCBuildConfiguration section */
		65BC970B18F3BBE3006063CA /* Debug */ = {
			isa = XCBuildConfiguration;
			buildSettings = {
				ALWAYS_SEARCH_USER_PATHS = NO;
				CLANG_CXX_LANGUAGE_STANDARD = "gnu++0x";
				CLANG_CXX_LIBRARY = "libc++";
				CLANG_ENABLE_MODULES = YES;
				CLANG_ENABLE_OBJC_ARC = YES;
				CLANG_WARN_BOOL_CONVERSION = YES;
				CLANG_WARN_CONSTANT_CONVERSION = YES;
				CLANG_WARN_DIRECT_OBJC_ISA_USAGE = YES_ERROR;
				CLANG_WARN_EMPTY_BODY = YES;
				CLANG_WARN_ENUM_CONVERSION = YES;
				CLANG_WARN_INT_CONVERSION = YES;
				CLANG_WARN_OBJC_ROOT_CLASS = YES_ERROR;
				CLANG_WARN__DUPLICATE_METHOD_MATCH = YES;
				CODE_SIGN_IDENTITY = "iPhone Developer: andre trosky (4XBN97BWL3)";
				"CODE_SIGN_IDENTITY[sdk=iphoneos*]" = "iPhone Developer: andre trosky (4XBN97BWL3)";
				COPY_PHASE_STRIP = NO;
				GCC_C_LANGUAGE_STANDARD = gnu99;
				GCC_DYNAMIC_NO_PIC = NO;
				GCC_OPTIMIZATION_LEVEL = 0;
				GCC_PREPROCESSOR_DEFINITIONS = (
					"DEBUG=1",
					"$(inherited)",
				);
				GCC_SYMBOLS_PRIVATE_EXTERN = NO;
				GCC_WARN_64_TO_32_BIT_CONVERSION = YES;
				GCC_WARN_ABOUT_RETURN_TYPE = YES_ERROR;
				GCC_WARN_UNDECLARED_SELECTOR = YES;
				GCC_WARN_UNINITIALIZED_AUTOS = YES;
				GCC_WARN_UNUSED_FUNCTION = YES;
				GCC_WARN_UNUSED_VARIABLE = YES;
				IPHONEOS_DEPLOYMENT_TARGET = 7.0;
				ONLY_ACTIVE_ARCH = YES;
				SDKROOT = iphoneos;
			};
			name = Debug;
		};
		65BC970C18F3BBE3006063CA /* Release */ = {
			isa = XCBuildConfiguration;
			buildSettings = {
				ALWAYS_SEARCH_USER_PATHS = NO;
				CLANG_CXX_LANGUAGE_STANDARD = "gnu++0x";
				CLANG_CXX_LIBRARY = "libc++";
				CLANG_ENABLE_MODULES = YES;
				CLANG_ENABLE_OBJC_ARC = YES;
				CLANG_WARN_BOOL_CONVERSION = YES;
				CLANG_WARN_CONSTANT_CONVERSION = YES;
				CLANG_WARN_DIRECT_OBJC_ISA_USAGE = YES_ERROR;
				CLANG_WARN_EMPTY_BODY = YES;
				CLANG_WARN_ENUM_CONVERSION = YES;
				CLANG_WARN_INT_CONVERSION = YES;
				CLANG_WARN_OBJC_ROOT_CLASS = YES_ERROR;
				CLANG_WARN__DUPLICATE_METHOD_MATCH = YES;
				CODE_SIGN_IDENTITY = "iPhone Developer: andre trosky (4XBN97BWL3)";
				"CODE_SIGN_IDENTITY[sdk=iphoneos*]" = "iPhone Developer: andre trosky (4XBN97BWL3)";
				COPY_PHASE_STRIP = YES;
				ENABLE_NS_ASSERTIONS = NO;
				GCC_C_LANGUAGE_STANDARD = gnu99;
				GCC_WARN_64_TO_32_BIT_CONVERSION = YES;
				GCC_WARN_ABOUT_RETURN_TYPE = YES_ERROR;
				GCC_WARN_UNDECLARED_SELECTOR = YES;
				GCC_WARN_UNINITIALIZED_AUTOS = YES;
				GCC_WARN_UNUSED_FUNCTION = YES;
				GCC_WARN_UNUSED_VARIABLE = YES;
				IPHONEOS_DEPLOYMENT_TARGET = 7.0;
				ONLY_ACTIVE_ARCH = NO;
				SDKROOT = iphoneos;
				VALIDATE_PRODUCT = YES;
			};
			name = Release;
		};
		65BC970E18F3BBE3006063CA /* Debug */ = {
			isa = XCBuildConfiguration;
			baseConfigurationReference = 950AE0EADB7042F4B10AC436 /* Pods.xcconfig */;
			buildSettings = {
				ASSETCATALOG_COMPILER_APPICON_NAME = AppIcon;
				ASSETCATALOG_COMPILER_LAUNCHIMAGE_NAME = LaunchImage;
				CODE_SIGN_IDENTITY = "iPhone Developer: andre trosky (4XBN97BWL3)";
				"CODE_SIGN_IDENTITY[sdk=iphoneos7.0]" = "iPhone Developer: andre trosky (4XBN97BWL3)";
				GCC_PRECOMPILE_PREFIX_HEADER = YES;
				GCC_PREFIX_HEADER = "TheGreensLeadOrganizerApp/Vic Greens-Prefix.pch";
				INFOPLIST_FILE = "TheGreensLeadOrganizerApp/Vic Greens-Info.plist";
				IPHONEOS_DEPLOYMENT_TARGET = 7.0;
				PRODUCT_NAME = "Vic Greens";
				PROVISIONING_PROFILE = "4A0FDC0E-C45E-496F-911A-12D1FC41583A";
				"PROVISIONING_PROFILE[sdk=iphoneos7.0]" = "4A0FDC0E-C45E-496F-911A-12D1FC41583A";
				TARGETED_DEVICE_FAMILY = 1;
				WRAPPER_EXTENSION = app;
			};
			name = Debug;
		};
		65BC970F18F3BBE3006063CA /* Release */ = {
			isa = XCBuildConfiguration;
			baseConfigurationReference = 950AE0EADB7042F4B10AC436 /* Pods.xcconfig */;
			buildSettings = {
				ASSETCATALOG_COMPILER_APPICON_NAME = AppIcon;
				ASSETCATALOG_COMPILER_LAUNCHIMAGE_NAME = LaunchImage;
				CODE_SIGN_IDENTITY = "iPhone Developer";
				"CODE_SIGN_IDENTITY[sdk=iphoneos*]" = "iPhone Developer: andre trosky (4XBN97BWL3)";
				"CODE_SIGN_IDENTITY[sdk=iphoneos7.0]" = "iPhone Developer: andre trosky (4XBN97BWL3)";
				GCC_PRECOMPILE_PREFIX_HEADER = YES;
				GCC_PREFIX_HEADER = "TheGreensLeadOrganizerApp/Vic Greens-Prefix.pch";
				INFOPLIST_FILE = "TheGreensLeadOrganizerApp/Vic Greens-Info.plist";
				IPHONEOS_DEPLOYMENT_TARGET = 7.0;
				PRODUCT_NAME = "Vic Greens";
				PROVISIONING_PROFILE = "4A0FDC0E-C45E-496F-911A-12D1FC41583A";
				"PROVISIONING_PROFILE[sdk=iphoneos7.0]" = "4A0FDC0E-C45E-496F-911A-12D1FC41583A";
				TARGETED_DEVICE_FAMILY = 1;
				WRAPPER_EXTENSION = app;
			};
			name = Release;
		};
		65BC971118F3BBE3006063CA /* Debug */ = {
			isa = XCBuildConfiguration;
			buildSettings = {
				BUNDLE_LOADER = "$(BUILT_PRODUCTS_DIR)/TheGreensLeadOrganizerApp.app/TheGreensLeadOrganizerApp";
				FRAMEWORK_SEARCH_PATHS = (
					"$(SDKROOT)/Developer/Library/Frameworks",
					"$(inherited)",
					"$(DEVELOPER_FRAMEWORKS_DIR)",
				);
				GCC_PRECOMPILE_PREFIX_HEADER = YES;
				GCC_PREFIX_HEADER = "TheGreensLeadOrganizerApp/TheGreensLeadOrganizerApp-Prefix.pch";
				GCC_PREPROCESSOR_DEFINITIONS = (
					"DEBUG=1",
					"$(inherited)",
				);
				INFOPLIST_FILE = "TheGreensLeadOrganizerAppTests/Vic GreensTests-Info.plist";
				PRODUCT_NAME = "Vic GreensTests";
				TEST_HOST = "$(BUNDLE_LOADER)";
				WRAPPER_EXTENSION = xctest;
			};
			name = Debug;
		};
		65BC971218F3BBE3006063CA /* Release */ = {
			isa = XCBuildConfiguration;
			buildSettings = {
				BUNDLE_LOADER = "$(BUILT_PRODUCTS_DIR)/TheGreensLeadOrganizerApp.app/TheGreensLeadOrganizerApp";
				FRAMEWORK_SEARCH_PATHS = (
					"$(SDKROOT)/Developer/Library/Frameworks",
					"$(inherited)",
					"$(DEVELOPER_FRAMEWORKS_DIR)",
				);
				GCC_PRECOMPILE_PREFIX_HEADER = YES;
				GCC_PREFIX_HEADER = "TheGreensLeadOrganizerApp/TheGreensLeadOrganizerApp-Prefix.pch";
				INFOPLIST_FILE = "TheGreensLeadOrganizerAppTests/Vic GreensTests-Info.plist";
				PRODUCT_NAME = "Vic GreensTests";
				TEST_HOST = "$(BUNDLE_LOADER)";
				WRAPPER_EXTENSION = xctest;
			};
			name = Release;
		};
/* End XCBuildConfiguration section */

/* Begin XCConfigurationList section */
		65BC96D618F3BBE3006063CA /* Build configuration list for PBXProject "Vic Greens" */ = {
			isa = XCConfigurationList;
			buildConfigurations = (
				65BC970B18F3BBE3006063CA /* Debug */,
				65BC970C18F3BBE3006063CA /* Release */,
			);
			defaultConfigurationIsVisible = 0;
			defaultConfigurationName = Release;
		};
		65BC970D18F3BBE3006063CA /* Build configuration list for PBXNativeTarget "Vic Greens" */ = {
			isa = XCConfigurationList;
			buildConfigurations = (
				65BC970E18F3BBE3006063CA /* Debug */,
				65BC970F18F3BBE3006063CA /* Release */,
			);
			defaultConfigurationIsVisible = 0;
			defaultConfigurationName = Release;
		};
		65BC971018F3BBE3006063CA /* Build configuration list for PBXNativeTarget "Vic GreensTests" */ = {
			isa = XCConfigurationList;
			buildConfigurations = (
				65BC971118F3BBE3006063CA /* Debug */,
				65BC971218F3BBE3006063CA /* Release */,
			);
			defaultConfigurationIsVisible = 0;
			defaultConfigurationName = Release;
		};
/* End XCConfigurationList section */

/* Begin XCVersionGroup section */
		65BC96F218F3BBE3006063CA /* TheGreensLeadOrganizerApp.xcdatamodeld */ = {
			isa = XCVersionGroup;
			children = (
				65BC96F318F3BBE3006063CA /* TheGreensLeadOrganizerApp.xcdatamodel */,
			);
			currentVersion = 65BC96F318F3BBE3006063CA /* TheGreensLeadOrganizerApp.xcdatamodel */;
			path = TheGreensLeadOrganizerApp.xcdatamodeld;
			sourceTree = "<group>";
			versionGroupType = wrapper.xcdatamodel;
		};
/* End XCVersionGroup section */
	};
	rootObject = 65BC96D318F3BBE3006063CA /* Project object */;
}
